
Microsoft Visual Studio Solution File, Format Version 12.00
# Visual Studio Version 17
VisualStudioVersion = 17.8.34408.163
MinimumVisualStudioVersion = 10.0.40219.1
Project("{FAE04EC0-301F-11D3-BF4B-00C04F79EFBC}") = "StringLibrary", "StringLibrary\StringLibrary.csproj", "{14FCD909-6439-4436-B247-3C78C96150E0}"
EndProject
Global
	GlobalSection(SolutionConfigurationPlatforms) = preSolution
		Debug|Any CPU = Debug|Any CPU
		Release|Any CPU = Release|Any CPU
	EndGlobalSection
	GlobalSection(ProjectConfigurationPlatforms) = postSolution
		{14FCD909-6439-4436-B247-3C78C96150E0}.Debug|Any CPU.ActiveCfg = Debug|Any CPU
		{14FCD909-6439-4436-B247-3C78C96150E0}.Debug|Any CPU.Build.0 = Debug|Any CPU
		{14FCD909-6439-4436-B247-3C78C96150E0}.Release|Any CPU.ActiveCfg = Release|Any CPU
		{14FCD909-6439-4436-B247-3C78C96150E0}.Release|Any CPU.Build.0 = Release|Any CPU
	EndGlobalSection
	GlobalSection(SolutionProperties) = preSolution
		HideSolutionNode = FALSE
	EndGlobalSection
	GlobalSection(ExtensibilityGlobals) = postSolution
		SolutionGuid = {9ECA1B4B-19E2-4BE4-9079-A78F65A228AB}
	EndGlobalSection
EndGlobal
